{
  "nodes": {
    "home-manager": {
      "inputs": {
        "nixpkgs": [
          "nixpkgs"
        ]
      },
      "locked": {
        "lastModified": 1716457508,
        "narHash": "sha256-ZxzffLuWRyuMrkVVq7wastNUqeO0HJL9xqfY1QsYaqo=",
        "owner": "nix-community",
        "repo": "home-manager",
        "rev": "850cb322046ef1a268449cf1ceda5fd24d930b05",
        "type": "github"
      },
      "original": {
        "owner": "nix-community",
        "repo": "home-manager",
        "type": "github"
      }
    },
    "nixpkgs": {
      "locked": {
        "lastModified": 1716330097,
        "narHash": "sha256-8BO3B7e3BiyIDsaKA0tY8O88rClYRTjvAp66y+VBUeU=",
        "owner": "NixOS",
        "repo": "nixpkgs",
        "rev": "5710852ba686cc1fd0d3b8e22b3117d43ba374c2",
        "type": "github"
      },
      "original": {
        "id": "nixpkgs",
        "ref": "nixos-unstable",
        "type": "indirect"
      }
    },
    "nixpkgs_2": {
      "locked": {
        "lastModified": 1682526928,
        "narHash": "sha256-2cKh4O6t1rQ8Ok+v16URynmb0rV7oZPEbXkU0owNLQs=",
        "owner": "NixOS",
        "repo": "nixpkgs",
        "rev": "d6b863fd9b7bb962e6f9fdf292419a775e772891",
        "type": "github"
      },
      "original": {
        "id": "nixpkgs",
        "ref": "nixos-unstable",
        "type": "indirect"
      }
    },
    "note-sync": {
      "inputs": {
        "nixpkgs": "nixpkgs_2"
      },
      "locked": {
        "lastModified": 1682587995,
        "narHash": "sha256-3hXdrR4nP17RPZHBC9aK6pVzGlE+KWPUMdSLPL2GJaE=",
        "owner": "iaroki",
        "repo": "note-sync",
        "rev": "d7c1cef2d077976130be3712a34bf4a3186de38e",
        "type": "github"
      },
      "original": {
        "owner": "iaroki",
        "repo": "note-sync",
        "type": "github"
      }
    },
    "nur": {
      "locked": {
        "lastModified": 1716533197,
        "narHash": "sha256-S1vpc8RT5AR8TdHoFef9+KBkeLIFiowCmH8F0V0v+9Q=",
        "owner": "nix-community",
        "repo": "NUR",
        "rev": "46f9b9466e104fd75d2b817c36f8b0ed5d5aabee",
        "type": "github"
      },
      "original": {
        "owner": "nix-community",
        "repo": "NUR",
        "type": "github"
      }
    },
    "root": {
      "inputs": {
        "home-manager": "home-manager",
        "nixpkgs": "nixpkgs",
        "note-sync": "note-sync",
        "nur": "nur"
      }
    }
  },
  "root": "root",
  "version": 7
}
