{
  "nodes": {
    "home-manager": {
      "inputs": {
        "nixpkgs": [
          "nixpkgs"
        ]
      },
      "locked": {
        "lastModified": 1684824189,
        "narHash": "sha256-k3nCkn5Qy67rCguuw6YkGuL6hOUNRKxQoKOjnapk5sU=",
        "owner": "nix-community",
        "repo": "home-manager",
        "rev": "58eb968c21d309a6c2b020ea8d64e25c38ceebba",
        "type": "github"
      },
      "original": {
        "owner": "nix-community",
        "repo": "home-manager",
        "type": "github"
      }
    },
    "nixpkgs": {
      "locked": {
        "lastModified": 1684754342,
        "narHash": "sha256-plGnjnbnPLoZCTdQX21oT7xliQhFtgcWlkuDHgtEb1o=",
        "owner": "NixOS",
        "repo": "nixpkgs",
        "rev": "7084250df3d7f9735087d3234407f3c1fc2400e3",
        "type": "github"
      },
      "original": {
        "id": "nixpkgs",
        "ref": "nixos-unstable",
        "type": "indirect"
      }
    },
    "nixpkgs_2": {
      "locked": {
        "lastModified": 1682526928,
        "narHash": "sha256-2cKh4O6t1rQ8Ok+v16URynmb0rV7oZPEbXkU0owNLQs=",
        "owner": "NixOS",
        "repo": "nixpkgs",
        "rev": "d6b863fd9b7bb962e6f9fdf292419a775e772891",
        "type": "github"
      },
      "original": {
        "id": "nixpkgs",
        "ref": "nixos-unstable",
        "type": "indirect"
      }
    },
    "note-sync": {
      "inputs": {
        "nixpkgs": "nixpkgs_2"
      },
      "locked": {
        "lastModified": 1682587995,
        "narHash": "sha256-3hXdrR4nP17RPZHBC9aK6pVzGlE+KWPUMdSLPL2GJaE=",
        "owner": "iaroki",
        "repo": "note-sync",
        "rev": "d7c1cef2d077976130be3712a34bf4a3186de38e",
        "type": "github"
      },
      "original": {
        "owner": "iaroki",
        "repo": "note-sync",
        "type": "github"
      }
    },
    "nur": {
      "locked": {
        "lastModified": 1684911749,
        "narHash": "sha256-ihdqHo/dzXSeFFQrEuUML5PyPhLrRDirfzUjB0cwT+M=",
        "owner": "nix-community",
        "repo": "NUR",
        "rev": "ea34abdcb1f8b49b19833aaae83864b07fbd25e9",
        "type": "github"
      },
      "original": {
        "owner": "nix-community",
        "repo": "NUR",
        "type": "github"
      }
    },
    "root": {
      "inputs": {
        "home-manager": "home-manager",
        "nixpkgs": "nixpkgs",
        "note-sync": "note-sync",
        "nur": "nur"
      }
    }
  },
  "root": "root",
  "version": 7
}
