{
  "nodes": {
    "home-manager": {
      "inputs": {
        "nixpkgs": [
          "nixpkgs"
        ]
      },
      "locked": {
        "lastModified": 1723399884,
        "narHash": "sha256-97wn0ihhGqfMb8WcUgzzkM/TuAxce2Gd20A8oiruju4=",
        "owner": "nix-community",
        "repo": "home-manager",
        "rev": "086f619dd991a4d355c07837448244029fc2d9ab",
        "type": "github"
      },
      "original": {
        "owner": "nix-community",
        "repo": "home-manager",
        "type": "github"
      }
    },
    "nixpkgs": {
      "locked": {
        "lastModified": 1723362943,
        "narHash": "sha256-dFZRVSgmJkyM0bkPpaYRtG/kRMRTorUIDj8BxoOt1T4=",
        "owner": "NixOS",
        "repo": "nixpkgs",
        "rev": "a58bc8ad779655e790115244571758e8de055e3d",
        "type": "github"
      },
      "original": {
        "id": "nixpkgs",
        "ref": "nixos-unstable",
        "type": "indirect"
      }
    },
    "nixpkgs_2": {
      "locked": {
        "lastModified": 1682526928,
        "narHash": "sha256-2cKh4O6t1rQ8Ok+v16URynmb0rV7oZPEbXkU0owNLQs=",
        "owner": "NixOS",
        "repo": "nixpkgs",
        "rev": "d6b863fd9b7bb962e6f9fdf292419a775e772891",
        "type": "github"
      },
      "original": {
        "id": "nixpkgs",
        "ref": "nixos-unstable",
        "type": "indirect"
      }
    },
    "note-sync": {
      "inputs": {
        "nixpkgs": "nixpkgs_2"
      },
      "locked": {
        "lastModified": 1682587995,
        "narHash": "sha256-3hXdrR4nP17RPZHBC9aK6pVzGlE+KWPUMdSLPL2GJaE=",
        "owner": "iaroki",
        "repo": "note-sync",
        "rev": "d7c1cef2d077976130be3712a34bf4a3186de38e",
        "type": "github"
      },
      "original": {
        "owner": "iaroki",
        "repo": "note-sync",
        "type": "github"
      }
    },
    "nur": {
      "locked": {
        "lastModified": 1723615904,
        "narHash": "sha256-z7e+HBuZIrQhCWCry42xm4vo7WqgdGq7stlX5bHyq3M=",
        "owner": "nix-community",
        "repo": "NUR",
        "rev": "8cc11e1722e986fb5c50f853e812a408254256f8",
        "type": "github"
      },
      "original": {
        "owner": "nix-community",
        "repo": "NUR",
        "type": "github"
      }
    },
    "root": {
      "inputs": {
        "home-manager": "home-manager",
        "nixpkgs": "nixpkgs",
        "note-sync": "note-sync",
        "nur": "nur"
      }
    }
  },
  "root": "root",
  "version": 7
}
